
Microsoft Visual Studio Solution File, Format Version 12.00
# Visual Studio Version 17
VisualStudioVersion = 17.8.34330.188
MinimumVisualStudioVersion = 10.0.40219.1
Project("{8BC9CEB8-8B4A-11D0-8D11-00A0C91BC942}") = "BOJ_11055", "BOJ_11055\BOJ_11055.vcxproj", "{25CE3CC0-A358-4E71-8A28-AF33010B4227}"
EndProject
Global
	GlobalSection(SolutionConfigurationPlatforms) = preSolution
		Debug|x64 = Debug|x64
		Release|x64 = Release|x64
	EndGlobalSection
	GlobalSection(ProjectConfigurationPlatforms) = postSolution
		{25CE3CC0-A358-4E71-8A28-AF33010B4227}.Debug|x64.ActiveCfg = Debug|x64
		{25CE3CC0-A358-4E71-8A28-AF33010B4227}.Debug|x64.Build.0 = Debug|x64
		{25CE3CC0-A358-4E71-8A28-AF33010B4227}.Release|x64.ActiveCfg = Release|x64
		{25CE3CC0-A358-4E71-8A28-AF33010B4227}.Release|x64.Build.0 = Release|x64
	EndGlobalSection
	GlobalSection(SolutionProperties) = preSolution
		HideSolutionNode = FALSE
	EndGlobalSection
	GlobalSection(ExtensibilityGlobals) = postSolution
		SolutionGuid = {97ECB037-386C-4318-83AA-AF485FE9CBB6}
	EndGlobalSection
EndGlobal
